
Microsoft Visual Studio Solution File, Format Version 12.00
# Visual Studio Version 17
VisualStudioVersion = 17.9.34723.18
MinimumVisualStudioVersion = 10.0.40219.1
Project("{FAE04EC0-301F-11D3-BF4B-00C04F79EFBC}") = "BankLoanManagement", "BankLoanManagement\BankLoanManagement.csproj", "{EA7D383E-77FC-45EA-AFA0-AE553A83577E}"
EndProject
Global
	GlobalSection(SolutionConfigurationPlatforms) = preSolution
		Debug|Any CPU = Debug|Any CPU
		Release|Any CPU = Release|Any CPU
	EndGlobalSection
	GlobalSection(ProjectConfigurationPlatforms) = postSolution
		{EA7D383E-77FC-45EA-AFA0-AE553A83577E}.Debug|Any CPU.ActiveCfg = Debug|Any CPU
		{EA7D383E-77FC-45EA-AFA0-AE553A83577E}.Debug|Any CPU.Build.0 = Debug|Any CPU
		{EA7D383E-77FC-45EA-AFA0-AE553A83577E}.Release|Any CPU.ActiveCfg = Release|Any CPU
		{EA7D383E-77FC-45EA-AFA0-AE553A83577E}.Release|Any CPU.Build.0 = Release|Any CPU
	EndGlobalSection
	GlobalSection(SolutionProperties) = preSolution
		HideSolutionNode = FALSE
	EndGlobalSection
	GlobalSection(ExtensibilityGlobals) = postSolution
		SolutionGuid = {6AFA18E0-AE70-4C6A-9BBB-CDECDFF07692}
	EndGlobalSection
EndGlobal
